{
  "pins" : [
    {
      "identity" : "interactiveimageview",
      "kind" : "remoteSourceControl",
      "location" : "https://github.com/egzonpllana/InteractiveImageView.git",
      "state" : {
        "branch" : "main",
        "revision" : "b6510545a1d1d05e3dd39000a0f6368f83875eee"
      }
    }
  ],
  "version" : 2
}
