{
  "pins" : [
    {
      "identity" : "interactiveimageview",
      "kind" : "remoteSourceControl",
      "location" : "https://github.com/egzonpllana/InteractiveImageView.git",
      "state" : {
        "revision" : "192795bdb1ed7e683ddddb1de13adeec990dbaf4",
        "version" : "1.0.24"
      }
    }
  ],
  "version" : 2
}
