{
  "pins" : [
    {
      "identity" : "interactiveimageview",
      "kind" : "remoteSourceControl",
      "location" : "https://github.com/egzonpllana/InteractiveImageView.git",
      "state" : {
        "revision" : "47a28205ab8f2b5a1f6a9adc1b7a446a55f938fc",
        "version" : "1.0.27"
      }
    }
  ],
  "version" : 2
}
